
Microsoft Visual Studio Solution File, Format Version 12.00
# Visual Studio Version 16
VisualStudioVersion = 16.0.29926.136
MinimumVisualStudioVersion = 10.0.40219.1
Project("{8BC9CEB8-8B4A-11D0-8D11-00A0C91BC942}") = "LAB11.1", "LAB11\LAB11.vcxproj", "{112F58AE-60AC-4754-AAA9-E4AAF7A39CC5}"
EndProject
Project("{8BC9CEB8-8B4A-11D0-8D11-00A0C91BC942}") = "LAB 11.2", "LAB 11.2\LAB 11.2.vcxproj", "{18BB5D82-EEC5-4A8C-BCCF-69B317422BFD}"
EndProject
Project("{8BC9CEB8-8B4A-11D0-8D11-00A0C91BC942}") = "LAB 11.3", "LAB 11.3\LAB 11.3.vcxproj", "{340A85B5-3D24-470F-904D-6C913ADDE7B8}"
EndProject
Project("{8BC9CEB8-8B4A-11D0-8D11-00A0C91BC942}") = "LAB 11.4", "LAB 11.4\LAB 11.4.vcxproj", "{7DFAD77E-767E-4402-9111-10B16932830E}"
EndProject
Project("{8BC9CEB8-8B4A-11D0-8D11-00A0C91BC942}") = "LAB11.5", "LAB11.5\LAB11.5.vcxproj", "{73A8536F-C8FF-411D-8C54-C7C4F8373075}"
EndProject
Global
	GlobalSection(SolutionConfigurationPlatforms) = preSolution
		Debug|x64 = Debug|x64
		Debug|x86 = Debug|x86
		Release|x64 = Release|x64
		Release|x86 = Release|x86
	EndGlobalSection
	GlobalSection(ProjectConfigurationPlatforms) = postSolution
		{112F58AE-60AC-4754-AAA9-E4AAF7A39CC5}.Debug|x64.ActiveCfg = Debug|x64
		{112F58AE-60AC-4754-AAA9-E4AAF7A39CC5}.Debug|x64.Build.0 = Debug|x64
		{112F58AE-60AC-4754-AAA9-E4AAF7A39CC5}.Debug|x86.ActiveCfg = Debug|Win32
		{112F58AE-60AC-4754-AAA9-E4AAF7A39CC5}.Debug|x86.Build.0 = Debug|Win32
		{112F58AE-60AC-4754-AAA9-E4AAF7A39CC5}.Release|x64.ActiveCfg = Release|x64
		{112F58AE-60AC-4754-AAA9-E4AAF7A39CC5}.Release|x64.Build.0 = Release|x64
		{112F58AE-60AC-4754-AAA9-E4AAF7A39CC5}.Release|x86.ActiveCfg = Release|Win32
		{112F58AE-60AC-4754-AAA9-E4AAF7A39CC5}.Release|x86.Build.0 = Release|Win32
		{18BB5D82-EEC5-4A8C-BCCF-69B317422BFD}.Debug|x64.ActiveCfg = Debug|x64
		{18BB5D82-EEC5-4A8C-BCCF-69B317422BFD}.Debug|x64.Build.0 = Debug|x64
		{18BB5D82-EEC5-4A8C-BCCF-69B317422BFD}.Debug|x86.ActiveCfg = Debug|Win32
		{18BB5D82-EEC5-4A8C-BCCF-69B317422BFD}.Debug|x86.Build.0 = Debug|Win32
		{18BB5D82-EEC5-4A8C-BCCF-69B317422BFD}.Release|x64.ActiveCfg = Release|x64
		{18BB5D82-EEC5-4A8C-BCCF-69B317422BFD}.Release|x64.Build.0 = Release|x64
		{18BB5D82-EEC5-4A8C-BCCF-69B317422BFD}.Release|x86.ActiveCfg = Release|Win32
		{18BB5D82-EEC5-4A8C-BCCF-69B317422BFD}.Release|x86.Build.0 = Release|Win32
		{340A85B5-3D24-470F-904D-6C913ADDE7B8}.Debug|x64.ActiveCfg = Debug|x64
		{340A85B5-3D24-470F-904D-6C913ADDE7B8}.Debug|x64.Build.0 = Debug|x64
		{340A85B5-3D24-470F-904D-6C913ADDE7B8}.Debug|x86.ActiveCfg = Debug|Win32
		{340A85B5-3D24-470F-904D-6C913ADDE7B8}.Debug|x86.Build.0 = Debug|Win32
		{340A85B5-3D24-470F-904D-6C913ADDE7B8}.Release|x64.ActiveCfg = Release|x64
		{340A85B5-3D24-470F-904D-6C913ADDE7B8}.Release|x64.Build.0 = Release|x64
		{340A85B5-3D24-470F-904D-6C913ADDE7B8}.Release|x86.ActiveCfg = Release|Win32
		{340A85B5-3D24-470F-904D-6C913ADDE7B8}.Release|x86.Build.0 = Release|Win32
		{7DFAD77E-767E-4402-9111-10B16932830E}.Debug|x64.ActiveCfg = Debug|x64
		{7DFAD77E-767E-4402-9111-10B16932830E}.Debug|x64.Build.0 = Debug|x64
		{7DFAD77E-767E-4402-9111-10B16932830E}.Debug|x86.ActiveCfg = Debug|Win32
		{7DFAD77E-767E-4402-9111-10B16932830E}.Debug|x86.Build.0 = Debug|Win32
		{7DFAD77E-767E-4402-9111-10B16932830E}.Release|x64.ActiveCfg = Release|x64
		{7DFAD77E-767E-4402-9111-10B16932830E}.Release|x64.Build.0 = Release|x64
		{7DFAD77E-767E-4402-9111-10B16932830E}.Release|x86.ActiveCfg = Release|Win32
		{7DFAD77E-767E-4402-9111-10B16932830E}.Release|x86.Build.0 = Release|Win32
		{73A8536F-C8FF-411D-8C54-C7C4F8373075}.Debug|x64.ActiveCfg = Debug|x64
		{73A8536F-C8FF-411D-8C54-C7C4F8373075}.Debug|x64.Build.0 = Debug|x64
		{73A8536F-C8FF-411D-8C54-C7C4F8373075}.Debug|x86.ActiveCfg = Debug|Win32
		{73A8536F-C8FF-411D-8C54-C7C4F8373075}.Debug|x86.Build.0 = Debug|Win32
		{73A8536F-C8FF-411D-8C54-C7C4F8373075}.Release|x64.ActiveCfg = Release|x64
		{73A8536F-C8FF-411D-8C54-C7C4F8373075}.Release|x64.Build.0 = Release|x64
		{73A8536F-C8FF-411D-8C54-C7C4F8373075}.Release|x86.ActiveCfg = Release|Win32
		{73A8536F-C8FF-411D-8C54-C7C4F8373075}.Release|x86.Build.0 = Release|Win32
	EndGlobalSection
	GlobalSection(SolutionProperties) = preSolution
		HideSolutionNode = FALSE
	EndGlobalSection
	GlobalSection(ExtensibilityGlobals) = postSolution
		SolutionGuid = {7EDE0124-BB4D-4D0A-9CCB-BC699AE4ACC1}
	EndGlobalSection
EndGlobal
